<?xml version="1.0" encoding="utf-8"?>
<Project ToolsVersion="4.0" xmlns="http://schemas.microsoft.com/developer/msbuild/2003">
  <ItemGroup>
    <Filter Include="Source Files">
      <UniqueIdentifier>{4FC737F1-C7A5-4376-A066-2A32D752A2FF}</UniqueIdentifier>
      <Extensions>cpp;c;cc;cxx;def;odl;idl;hpj;bat;asm;asmx</Extensions>
    </Filter>
    <Filter Include="Header Files">
      <UniqueIdentifier>{93995380-89BD-4b04-88EB-625FBE52EBFB}</UniqueIdentifier>
      <Extensions>h;hh;hpp;hxx;hm;inl;inc;xsd</Extensions>
    </Filter>
    <Filter Include="Resource Files">
      <UniqueIdentifier>{67DA6AB6-F800-4c08-8B7A-83BB121AAD01}</UniqueIdentifier>
      <Extensions>rc;ico;cur;bmp;dlg;rc2;rct;bin;rgs;gif;jpg;jpeg;jpe;resx;tiff;tif;png;wav</Extensions>
    </Filter>
  </ItemGroup>
  <ItemGroup>
    <ClCompile Include="..\downloads\vcode 2\vcode\destructorObject.cpp">
      <Filter>Source Files</Filter>
    </ClCompile>
    <ClCompile Include="..\downloads\vcode 2\vcode\eventlist.cpp">
      <Filter>Source Files</Filter>
    </ClCompile>
    <ClCompile Include="..\downloads\vcode 2\vcode\main.cpp">
      <Filter>Source Files</Filter>
    </ClCompile>
    <ClCompile Include="..\downloads\vcode 2\vcode\montyobject.cpp">
      <Filter>Source Files</Filter>
    </ClCompile>
    <ClCompile Include="..\downloads\vcode 2\vcode\passenger.cpp">
      <Filter>Source Files</Filter>
    </ClCompile>
    <ClCompile Include="..\downloads\vcode 2\vcode\simulationevent.cpp">
      <Filter>Source Files</Filter>
    </ClCompile>
    <ClCompile Include="..\downloads\vcode 2\vcode\simulationObject.cpp">
      <Filter>Source Files</Filter>
    </ClCompile>
    <ClCompile Include="..\downloads\vcode 2\vcode\simulator.cpp">
      <Filter>Source Files</Filter>
    </ClCompile>
  </ItemGroup>
  <ItemGroup>
    <ClInclude Include="..\downloads\vcode 2\vcode\destructorObject.h">
      <Filter>Header Files</Filter>
    </ClInclude>
    <ClInclude Include="..\downloads\vcode 2\vcode\entity.h">
      <Filter>Header Files</Filter>
    </ClInclude>
    <ClInclude Include="..\downloads\vcode 2\vcode\eventlist.h">
      <Filter>Header Files</Filter>
    </ClInclude>
    <ClInclude Include="..\downloads\vcode 2\vcode\functions.h">
      <Filter>Header Files</Filter>
    </ClInclude>
    <ClInclude Include="..\downloads\vcode 2\vcode\montyobject.h">
      <Filter>Header Files</Filter>
    </ClInclude>
    <ClInclude Include="..\downloads\vcode 2\vcode\passenger.h">
      <Filter>Header Files</Filter>
    </ClInclude>
    <ClInclude Include="..\downloads\vcode 2\vcode\simulationevent.h">
      <Filter>Header Files</Filter>
    </ClInclude>
    <ClInclude Include="..\downloads\vcode 2\vcode\simulationobject.h">
      <Filter>Header Files</Filter>
    </ClInclude>
    <ClInclude Include="..\downloads\vcode 2\vcode\simulator.h">
      <Filter>Header Files</Filter>
    </ClInclude>
    <ClInclude Include="..\downloads\vcode 2\vcode\structs.h">
      <Filter>Header Files</Filter>
    </ClInclude>
  </ItemGroup>
  <ItemGroup>
    <Text Include="..\Downloads\VCode 2\VCode\runtime\routes.txt">
      <Filter>Source Files</Filter>
    </Text>
    <Text Include="..\Downloads\VCode 2\VCode\runtime\setup.txt">
      <Filter>Source Files</Filter>
    </Text>
    <Text Include="..\Downloads\VCode 2\VCode\runtime\trace.txt">
      <Filter>Source Files</Filter>
    </Text>
  </ItemGroup>
</Project>